// !$*UTF8*$!
{
	archiveVersion = 1;
	classes = {
	};
	objectVersion = 51;
	objects = {

/* Begin PBXBuildFile section */
		313D5C0C27F4D845004618B7 /* AppDelegate.swift in Sources */ = {isa = PBXBuildFile; fileRef = 313D5C0B27F4D845004618B7 /* AppDelegate.swift */; };
		313D5C0E27F4D845004618B7 /* SceneDelegate.swift in Sources */ = {isa = PBXBuildFile; fileRef = 313D5C0D27F4D845004618B7 /* SceneDelegate.swift */; };
		313D5C1327F4D845004618B7 /* Main.storyboard in Resources */ = {isa = PBXBuildFile; fileRef = 313D5C1127F4D845004618B7 /* Main.storyboard */; };
		313D5C1527F4D84F004618B7 /* Assets.xcassets in Resources */ = {isa = PBXBuildFile; fileRef = 313D5C1427F4D84F004618B7 /* Assets.xcassets */; };
		313D5C1827F4D84F004618B7 /* LaunchScreen.storyboard in Resources */ = {isa = PBXBuildFile; fileRef = 313D5C1627F4D84F004618B7 /* LaunchScreen.storyboard */; };
		313D5C3D27F507B6004618B7 /* Constants.swift in Sources */ = {isa = PBXBuildFile; fileRef = 313D5C3C27F507B6004618B7 /* Constants.swift */; };
		313D5C4127F50869004618B7 /* WeatherResult.swift in Sources */ = {isa = PBXBuildFile; fileRef = 313D5C4027F50869004618B7 /* WeatherResult.swift */; };
		313D5C4427F616F4004618B7 /* TodayWeatherViewController.swift in Sources */ = {isa = PBXBuildFile; fileRef = 313D5C4327F616F4004618B7 /* TodayWeatherViewController.swift */; };
		313D5C4727F61709004618B7 /* DailyWeatherViewController.swift in Sources */ = {isa = PBXBuildFile; fileRef = 313D5C4627F61709004618B7 /* DailyWeatherViewController.swift */; };
		313D5C4A27F61716004618B7 /* HourlyWeatherViewController.swift in Sources */ = {isa = PBXBuildFile; fileRef = 313D5C4927F61716004618B7 /* HourlyWeatherViewController.swift */; };
		313D5C4D27F617E1004618B7 /* APIHelper.swift in Sources */ = {isa = PBXBuildFile; fileRef = 313D5C4C27F617E1004618B7 /* APIHelper.swift */; };
		31AAB8DE27F6453F007ED65E /* Utils.swift in Sources */ = {isa = PBXBuildFile; fileRef = 31AAB8DD27F6453F007ED65E /* Utils.swift */; };
		31BD9E9427F79948000478C1 /* Weather.swift in Sources */ = {isa = PBXBuildFile; fileRef = 31BD9E9327F79948000478C1 /* Weather.swift */; };
		B04C7CA2E912C418BB7466A4 /* Pods_weather_CR.framework in Frameworks */ = {isa = PBXBuildFile; fileRef = 115BD82291414BEB6AC9C08F /* Pods_weather_CR.framework */; };
/* End PBXBuildFile section */

/* Begin PBXFileReference section */
		0DD789C5C12B34A3EAD8274F /* Pods-weather_CR.release.xcconfig */ = {isa = PBXFileReference; includeInIndex = 1; lastKnownFileType = text.xcconfig; name = "Pods-weather_CR.release.xcconfig"; path = "Target Support Files/Pods-weather_CR/Pods-weather_CR.release.xcconfig"; sourceTree = "<group>"; };
		115BD82291414BEB6AC9C08F /* Pods_weather_CR.framework */ = {isa = PBXFileReference; explicitFileType = wrapper.framework; includeInIndex = 0; path = Pods_weather_CR.framework; sourceTree = BUILT_PRODUCTS_DIR; };
		313D5C0827F4D845004618B7 /* weather_CR.app */ = {isa = PBXFileReference; explicitFileType = wrapper.application; includeInIndex = 0; path = weather_CR.app; sourceTree = BUILT_PRODUCTS_DIR; };
		313D5C0B27F4D845004618B7 /* AppDelegate.swift */ = {isa = PBXFileReference; lastKnownFileType = sourcecode.swift; path = AppDelegate.swift; sourceTree = "<group>"; };
		313D5C0D27F4D845004618B7 /* SceneDelegate.swift */ = {isa = PBXFileReference; lastKnownFileType = sourcecode.swift; path = SceneDelegate.swift; sourceTree = "<group>"; };
		313D5C1227F4D845004618B7 /* Base */ = {isa = PBXFileReference; lastKnownFileType = file.storyboard; name = Base; path = Base.lproj/Main.storyboard; sourceTree = "<group>"; };
		313D5C1427F4D84F004618B7 /* Assets.xcassets */ = {isa = PBXFileReference; lastKnownFileType = folder.assetcatalog; path = Assets.xcassets; sourceTree = "<group>"; };
		313D5C1727F4D84F004618B7 /* Base */ = {isa = PBXFileReference; lastKnownFileType = file.storyboard; name = Base; path = Base.lproj/LaunchScreen.storyboard; sourceTree = "<group>"; };
		313D5C1927F4D84F004618B7 /* Info.plist */ = {isa = PBXFileReference; lastKnownFileType = text.plist.xml; path = Info.plist; sourceTree = "<group>"; };
		313D5C3C27F507B6004618B7 /* Constants.swift */ = {isa = PBXFileReference; lastKnownFileType = sourcecode.swift; path = Constants.swift; sourceTree = "<group>"; };
		313D5C4027F50869004618B7 /* WeatherResult.swift */ = {isa = PBXFileReference; lastKnownFileType = sourcecode.swift; path = WeatherResult.swift; sourceTree = "<group>"; };
		313D5C4327F616F4004618B7 /* TodayWeatherViewController.swift */ = {isa = PBXFileReference; lastKnownFileType = sourcecode.swift; path = TodayWeatherViewController.swift; sourceTree = "<group>"; };
		313D5C4627F61709004618B7 /* DailyWeatherViewController.swift */ = {isa = PBXFileReference; lastKnownFileType = sourcecode.swift; path = DailyWeatherViewController.swift; sourceTree = "<group>"; };
		313D5C4927F61716004618B7 /* HourlyWeatherViewController.swift */ = {isa = PBXFileReference; lastKnownFileType = sourcecode.swift; path = HourlyWeatherViewController.swift; sourceTree = "<group>"; };
		313D5C4C27F617E1004618B7 /* APIHelper.swift */ = {isa = PBXFileReference; lastKnownFileType = sourcecode.swift; path = APIHelper.swift; sourceTree = "<group>"; };
		31AAB8DD27F6453F007ED65E /* Utils.swift */ = {isa = PBXFileReference; lastKnownFileType = sourcecode.swift; path = Utils.swift; sourceTree = "<group>"; };
		31BD9E9327F79948000478C1 /* Weather.swift */ = {isa = PBXFileReference; lastKnownFileType = sourcecode.swift; path = Weather.swift; sourceTree = "<group>"; };
		F91B96E4A3B540A3951E5A75 /* Pods-weather_CR.debug.xcconfig */ = {isa = PBXFileReference; includeInIndex = 1; lastKnownFileType = text.xcconfig; name = "Pods-weather_CR.debug.xcconfig"; path = "Target Support Files/Pods-weather_CR/Pods-weather_CR.debug.xcconfig"; sourceTree = "<group>"; };
/* End PBXFileReference section */

/* Begin PBXFrameworksBuildPhase section */
		313D5C0527F4D845004618B7 /* Frameworks */ = {
			isa = PBXFrameworksBuildPhase;
			buildActionMask = 2147483647;
			files = (
				B04C7CA2E912C418BB7466A4 /* Pods_weather_CR.framework in Frameworks */,
			);
			runOnlyForDeploymentPostprocessing = 0;
		};
/* End PBXFrameworksBuildPhase section */

/* Begin PBXGroup section */
		17CC365C9300551324A32CE6 /* Pods */ = {
			isa = PBXGroup;
			children = (
				F91B96E4A3B540A3951E5A75 /* Pods-weather_CR.debug.xcconfig */,
				0DD789C5C12B34A3EAD8274F /* Pods-weather_CR.release.xcconfig */,
			);
			path = Pods;
			sourceTree = "<group>";
		};
		313D5BFF27F4D845004618B7 = {
			isa = PBXGroup;
			children = (
				313D5C0A27F4D845004618B7 /* weather_CR */,
				313D5C0927F4D845004618B7 /* Products */,
				17CC365C9300551324A32CE6 /* Pods */,
				D7A88A2FF2C4B10A5BBCE63D /* Frameworks */,
			);
			sourceTree = "<group>";
		};
		313D5C0927F4D845004618B7 /* Products */ = {
			isa = PBXGroup;
			children = (
				313D5C0827F4D845004618B7 /* weather_CR.app */,
			);
			name = Products;
			sourceTree = "<group>";
		};
		313D5C0A27F4D845004618B7 /* weather_CR */ = {
			isa = PBXGroup;
			children = (
				313D5C3F27F50858004618B7 /* Models */,
				313D5C3B27F507A5004618B7 /* Utilities */,
				313D5C2827F4DE74004618B7 /* View Controllers */,
				313D5C0B27F4D845004618B7 /* AppDelegate.swift */,
				313D5C0D27F4D845004618B7 /* SceneDelegate.swift */,
				313D5C1127F4D845004618B7 /* Main.storyboard */,
				313D5C1427F4D84F004618B7 /* Assets.xcassets */,
				313D5C1627F4D84F004618B7 /* LaunchScreen.storyboard */,
				313D5C1927F4D84F004618B7 /* Info.plist */,
			);
			path = weather_CR;
			sourceTree = "<group>";
		};
		313D5C2827F4DE74004618B7 /* View Controllers */ = {
			isa = PBXGroup;
			children = (
				313D5C4327F616F4004618B7 /* TodayWeatherViewController.swift */,
				313D5C4627F61709004618B7 /* DailyWeatherViewController.swift */,
				313D5C4927F61716004618B7 /* HourlyWeatherViewController.swift */,
			);
			path = "View Controllers";
			sourceTree = "<group>";
		};
		313D5C3B27F507A5004618B7 /* Utilities */ = {
			isa = PBXGroup;
			children = (
				31BD9E9327F79948000478C1 /* Weather.swift */,
				313D5C3C27F507B6004618B7 /* Constants.swift */,
				313D5C4C27F617E1004618B7 /* APIHelper.swift */,
				31AAB8DD27F6453F007ED65E /* Utils.swift */,
			);
			path = Utilities;
			sourceTree = "<group>";
		};
		313D5C3F27F50858004618B7 /* Models */ = {
			isa = PBXGroup;
			children = (
				313D5C4027F50869004618B7 /* WeatherResult.swift */,
			);
			path = Models;
			sourceTree = "<group>";
		};
		D7A88A2FF2C4B10A5BBCE63D /* Frameworks */ = {
			isa = PBXGroup;
			children = (
				115BD82291414BEB6AC9C08F /* Pods_weather_CR.framework */,
			);
			name = Frameworks;
			sourceTree = "<group>";
		};
/* End PBXGroup section */

/* Begin PBXNativeTarget section */
		313D5C0727F4D845004618B7 /* weather_CR */ = {
			isa = PBXNativeTarget;
			buildConfigurationList = 313D5C1C27F4D84F004618B7 /* Build configuration list for PBXNativeTarget "weather_CR" */;
			buildPhases = (
				586FCED3F815F81CA3F4A7FE /* [CP] Check Pods Manifest.lock */,
				313D5C0427F4D845004618B7 /* Sources */,
				313D5C0527F4D845004618B7 /* Frameworks */,
				313D5C0627F4D845004618B7 /* Resources */,
				7436448F4E07B73195ABEF1F /* [CP] Embed Pods Frameworks */,
			);
			buildRules = (
			);
			dependencies = (
			);
			name = weather_CR;
			productName = weather_CR;
			productReference = 313D5C0827F4D845004618B7 /* weather_CR.app */;
			productType = "com.apple.product-type.application";
		};
/* End PBXNativeTarget section */

/* Begin PBXProject section */
		313D5C0027F4D845004618B7 /* Project object */ = {
			isa = PBXProject;
			attributes = {
				LastSwiftUpdateCheck = 1240;
				LastUpgradeCheck = 1240;
				TargetAttributes = {
					313D5C0727F4D845004618B7 = {
						CreatedOnToolsVersion = 12.4;
					};
				};
			};
			buildConfigurationList = 313D5C0327F4D845004618B7 /* Build configuration list for PBXProject "weather_CR" */;
			compatibilityVersion = "Xcode 9.3";
			developmentRegion = en;
			hasScannedForEncodings = 0;
			knownRegions = (
				en,
				Base,
			);
			mainGroup = 313D5BFF27F4D845004618B7;
			productRefGroup = 313D5C0927F4D845004618B7 /* Products */;
			projectDirPath = "";
			projectRoot = "";
			targets = (
				313D5C0727F4D845004618B7 /* weather_CR */,
			);
		};
/* End PBXProject section */

/* Begin PBXResourcesBuildPhase section */
		313D5C0627F4D845004618B7 /* Resources */ = {
			isa = PBXResourcesBuildPhase;
			buildActionMask = 2147483647;
			files = (
				313D5C1827F4D84F004618B7 /* LaunchScreen.storyboard in Resources */,
				313D5C1527F4D84F004618B7 /* Assets.xcassets in Resources */,
				313D5C1327F4D845004618B7 /* Main.storyboard in Resources */,
			);
			runOnlyForDeploymentPostprocessing = 0;
		};
/* End PBXResourcesBuildPhase section */

/* Begin PBXShellScriptBuildPhase section */
		586FCED3F815F81CA3F4A7FE /* [CP] Check Pods Manifest.lock */ = {
			isa = PBXShellScriptBuildPhase;
			buildActionMask = 2147483647;
			files = (
			);
			inputFileListPaths = (
			);
			inputPaths = (
				"${PODS_PODFILE_DIR_PATH}/Podfile.lock",
				"${PODS_ROOT}/Manifest.lock",
			);
			name = "[CP] Check Pods Manifest.lock";
			outputFileListPaths = (
			);
			outputPaths = (
				"$(DERIVED_FILE_DIR)/Pods-weather_CR-checkManifestLockResult.txt",
			);
			runOnlyForDeploymentPostprocessing = 0;
			shellPath = /bin/sh;
			shellScript = "diff \"${PODS_PODFILE_DIR_PATH}/Podfile.lock\" \"${PODS_ROOT}/Manifest.lock\" > /dev/null\nif [ $? != 0 ] ; then\n    # print error to STDERR\n    echo \"error: The sandbox is not in sync with the Podfile.lock. Run 'pod install' or update your CocoaPods installation.\" >&2\n    exit 1\nfi\n# This output is used by Xcode 'outputs' to avoid re-running this script phase.\necho \"SUCCESS\" > \"${SCRIPT_OUTPUT_FILE_0}\"\n";
			showEnvVarsInLog = 0;
		};
		7436448F4E07B73195ABEF1F /* [CP] Embed Pods Frameworks */ = {
			isa = PBXShellScriptBuildPhase;
			buildActionMask = 2147483647;
			files = (
			);
			inputFileListPaths = (
				"${PODS_ROOT}/Target Support Files/Pods-weather_CR/Pods-weather_CR-frameworks-${CONFIGURATION}-input-files.xcfilelist",
			);
			name = "[CP] Embed Pods Frameworks";
			outputFileListPaths = (
				"${PODS_ROOT}/Target Support Files/Pods-weather_CR/Pods-weather_CR-frameworks-${CONFIGURATION}-output-files.xcfilelist",
			);
			runOnlyForDeploymentPostprocessing = 0;
			shellPath = /bin/sh;
			shellScript = "\"${PODS_ROOT}/Target Support Files/Pods-weather_CR/Pods-weather_CR-frameworks.sh\"\n";
			showEnvVarsInLog = 0;
		};
/* End PBXShellScriptBuildPhase section */

/* Begin PBXSourcesBuildPhase section */
		313D5C0427F4D845004618B7 /* Sources */ = {
			isa = PBXSourcesBuildPhase;
			buildActionMask = 2147483647;
			files = (
				313D5C4D27F617E1004618B7 /* APIHelper.swift in Sources */,
				313D5C4727F61709004618B7 /* DailyWeatherViewController.swift in Sources */,
				313D5C0C27F4D845004618B7 /* AppDelegate.swift in Sources */,
				31BD9E9427F79948000478C1 /* Weather.swift in Sources */,
				31AAB8DE27F6453F007ED65E /* Utils.swift in Sources */,
				313D5C3D27F507B6004618B7 /* Constants.swift in Sources */,
				313D5C4A27F61716004618B7 /* HourlyWeatherViewController.swift in Sources */,
				313D5C4127F50869004618B7 /* WeatherResult.swift in Sources */,
				313D5C0E27F4D845004618B7 /* SceneDelegate.swift in Sources */,
				313D5C4427F616F4004618B7 /* TodayWeatherViewController.swift in Sources */,
			);
			runOnlyForDeploymentPostprocessing = 0;
		};
/* End PBXSourcesBuildPhase section */

/* Begin PBXVariantGroup section */
		313D5C1127F4D845004618B7 /* Main.storyboard */ = {
			isa = PBXVariantGroup;
			children = (
				313D5C1227F4D845004618B7 /* Base */,
			);
			name = Main.storyboard;
			sourceTree = "<group>";
		};
		313D5C1627F4D84F004618B7 /* LaunchScreen.storyboard */ = {
			isa = PBXVariantGroup;
			children = (
				313D5C1727F4D84F004618B7 /* Base */,
			);
			name = LaunchScreen.storyboard;
			sourceTree = "<group>";
		};
/* End PBXVariantGroup section */

/* Begin XCBuildConfiguration section */
		313D5C1A27F4D84F004618B7 /* Debug */ = {
			isa = XCBuildConfiguration;
			buildSettings = {
				ALWAYS_SEARCH_USER_PATHS = NO;
				CLANG_ANALYZER_NONNULL = YES;
				CLANG_ANALYZER_NUMBER_OBJECT_CONVERSION = YES_AGGRESSIVE;
				CLANG_CXX_LANGUAGE_STANDARD = "gnu++14";
				CLANG_CXX_LIBRARY = "libc++";
				CLANG_ENABLE_MODULES = YES;
				CLANG_ENABLE_OBJC_ARC = YES;
				CLANG_ENABLE_OBJC_WEAK = YES;
				CLANG_WARN_BLOCK_CAPTURE_AUTORELEASING = YES;
				CLANG_WARN_BOOL_CONVERSION = YES;
				CLANG_WARN_COMMA = YES;
				CLANG_WARN_CONSTANT_CONVERSION = YES;
				CLANG_WARN_DEPRECATED_OBJC_IMPLEMENTATIONS = YES;
				CLANG_WARN_DIRECT_OBJC_ISA_USAGE = YES_ERROR;
				CLANG_WARN_DOCUMENTATION_COMMENTS = YES;
				CLANG_WARN_EMPTY_BODY = YES;
				CLANG_WARN_ENUM_CONVERSION = YES;
				CLANG_WARN_INFINITE_RECURSION = YES;
				CLANG_WARN_INT_CONVERSION = YES;
				CLANG_WARN_NON_LITERAL_NULL_CONVERSION = YES;
				CLANG_WARN_OBJC_IMPLICIT_RETAIN_SELF = YES;
				CLANG_WARN_OBJC_LITERAL_CONVERSION = YES;
				CLANG_WARN_OBJC_ROOT_CLASS = YES_ERROR;
				CLANG_WARN_QUOTED_INCLUDE_IN_FRAMEWORK_HEADER = YES;
				CLANG_WARN_RANGE_LOOP_ANALYSIS = YES;
				CLANG_WARN_STRICT_PROTOTYPES = YES;
				CLANG_WARN_SUSPICIOUS_MOVE = YES;
				CLANG_WARN_UNGUARDED_AVAILABILITY = YES_AGGRESSIVE;
				CLANG_WARN_UNREACHABLE_CODE = YES;
				CLANG_WARN__DUPLICATE_METHOD_MATCH = YES;
				COPY_PHASE_STRIP = NO;
				DEBUG_INFORMATION_FORMAT = dwarf;
				ENABLE_STRICT_OBJC_MSGSEND = YES;
				ENABLE_TESTABILITY = YES;
				GCC_C_LANGUAGE_STANDARD = gnu11;
				GCC_DYNAMIC_NO_PIC = NO;
				GCC_NO_COMMON_BLOCKS = YES;
				GCC_OPTIMIZATION_LEVEL = 0;
				GCC_PREPROCESSOR_DEFINITIONS = (
					"DEBUG=1",
					"$(inherited)",
				);
				GCC_WARN_64_TO_32_BIT_CONVERSION = YES;
				GCC_WARN_ABOUT_RETURN_TYPE = YES_ERROR;
				GCC_WARN_UNDECLARED_SELECTOR = YES;
				GCC_WARN_UNINITIALIZED_AUTOS = YES_AGGRESSIVE;
				GCC_WARN_UNUSED_FUNCTION = YES;
				GCC_WARN_UNUSED_VARIABLE = YES;
				IPHONEOS_DEPLOYMENT_TARGET = 14.4;
				MTL_ENABLE_DEBUG_INFO = INCLUDE_SOURCE;
				MTL_FAST_MATH = YES;
				ONLY_ACTIVE_ARCH = YES;
				SDKROOT = iphoneos;
				SWIFT_ACTIVE_COMPILATION_CONDITIONS = DEBUG;
				SWIFT_OPTIMIZATION_LEVEL = "-Onone";
			};
			name = Debug;
		};
		313D5C1B27F4D84F004618B7 /* Release */ = {
			isa = XCBuildConfiguration;
			buildSettings = {
				ALWAYS_SEARCH_USER_PATHS = NO;
				CLANG_ANALYZER_NONNULL = YES;
				CLANG_ANALYZER_NUMBER_OBJECT_CONVERSION = YES_AGGRESSIVE;
				CLANG_CXX_LANGUAGE_STANDARD = "gnu++14";
				CLANG_CXX_LIBRARY = "libc++";
				CLANG_ENABLE_MODULES = YES;
				CLANG_ENABLE_OBJC_ARC = YES;
				CLANG_ENABLE_OBJC_WEAK = YES;
				CLANG_WARN_BLOCK_CAPTURE_AUTORELEASING = YES;
				CLANG_WARN_BOOL_CONVERSION = YES;
				CLANG_WARN_COMMA = YES;
				CLANG_WARN_CONSTANT_CONVERSION = YES;
				CLANG_WARN_DEPRECATED_OBJC_IMPLEMENTATIONS = YES;
				CLANG_WARN_DIRECT_OBJC_ISA_USAGE = YES_ERROR;
				CLANG_WARN_DOCUMENTATION_COMMENTS = YES;
				CLANG_WARN_EMPTY_BODY = YES;
				CLANG_WARN_ENUM_CONVERSION = YES;
				CLANG_WARN_INFINITE_RECURSION = YES;
				CLANG_WARN_INT_CONVERSION = YES;
				CLANG_WARN_NON_LITERAL_NULL_CONVERSION = YES;
				CLANG_WARN_OBJC_IMPLICIT_RETAIN_SELF = YES;
				CLANG_WARN_OBJC_LITERAL_CONVERSION = YES;
				CLANG_WARN_OBJC_ROOT_CLASS = YES_ERROR;
				CLANG_WARN_QUOTED_INCLUDE_IN_FRAMEWORK_HEADER = YES;
				CLANG_WARN_RANGE_LOOP_ANALYSIS = YES;
				CLANG_WARN_STRICT_PROTOTYPES = YES;
				CLANG_WARN_SUSPICIOUS_MOVE = YES;
				CLANG_WARN_UNGUARDED_AVAILABILITY = YES_AGGRESSIVE;
				CLANG_WARN_UNREACHABLE_CODE = YES;
				CLANG_WARN__DUPLICATE_METHOD_MATCH = YES;
				COPY_PHASE_STRIP = NO;
				DEBUG_INFORMATION_FORMAT = "dwarf-with-dsym";
				ENABLE_NS_ASSERTIONS = NO;
				ENABLE_STRICT_OBJC_MSGSEND = YES;
				GCC_C_LANGUAGE_STANDARD = gnu11;
				GCC_NO_COMMON_BLOCKS = YES;
				GCC_WARN_64_TO_32_BIT_CONVERSION = YES;
				GCC_WARN_ABOUT_RETURN_TYPE = YES_ERROR;
				GCC_WARN_UNDECLARED_SELECTOR = YES;
				GCC_WARN_UNINITIALIZED_AUTOS = YES_AGGRESSIVE;
				GCC_WARN_UNUSED_FUNCTION = YES;
				GCC_WARN_UNUSED_VARIABLE = YES;
				IPHONEOS_DEPLOYMENT_TARGET = 14.4;
				MTL_ENABLE_DEBUG_INFO = NO;
				MTL_FAST_MATH = YES;
				SDKROOT = iphoneos;
				SWIFT_COMPILATION_MODE = wholemodule;
				SWIFT_OPTIMIZATION_LEVEL = "-O";
				VALIDATE_PRODUCT = YES;
			};
			name = Release;
		};
		313D5C1D27F4D84F004618B7 /* Debug */ = {
			isa = XCBuildConfiguration;
			baseConfigurationReference = F91B96E4A3B540A3951E5A75 /* Pods-weather_CR.debug.xcconfig */;
			buildSettings = {
				ASSETCATALOG_COMPILER_APPICON_NAME = AppIcon;
				ASSETCATALOG_COMPILER_GLOBAL_ACCENT_COLOR_NAME = AccentColor;
				CODE_SIGN_STYLE = Automatic;
				DEVELOPMENT_TEAM = 4S3VC3K23S;
				INFOPLIST_FILE = weather_CR/Info.plist;
				LD_RUNPATH_SEARCH_PATHS = (
					"$(inherited)",
					"@executable_path/Frameworks",
				);
				PRODUCT_BUNDLE_IDENTIFIER = "bluegorilla.weather-CR";
				PRODUCT_NAME = "$(TARGET_NAME)";
				SWIFT_VERSION = 5.0;
				TARGETED_DEVICE_FAMILY = "1,2";
			};
			name = Debug;
		};
		313D5C1E27F4D84F004618B7 /* Release */ = {
			isa = XCBuildConfiguration;
			baseConfigurationReference = 0DD789C5C12B34A3EAD8274F /* Pods-weather_CR.release.xcconfig */;
			buildSettings = {
				ASSETCATALOG_COMPILER_APPICON_NAME = AppIcon;
				ASSETCATALOG_COMPILER_GLOBAL_ACCENT_COLOR_NAME = AccentColor;
				CODE_SIGN_STYLE = Automatic;
				DEVELOPMENT_TEAM = 4S3VC3K23S;
				INFOPLIST_FILE = weather_CR/Info.plist;
				LD_RUNPATH_SEARCH_PATHS = (
					"$(inherited)",
					"@executable_path/Frameworks",
				);
				PRODUCT_BUNDLE_IDENTIFIER = "bluegorilla.weather-CR";
				PRODUCT_NAME = "$(TARGET_NAME)";
				SWIFT_VERSION = 5.0;
				TARGETED_DEVICE_FAMILY = "1,2";
			};
			name = Release;
		};
/* End XCBuildConfiguration section */

/* Begin XCConfigurationList section */
		313D5C0327F4D845004618B7 /* Build configuration list for PBXProject "weather_CR" */ = {
			isa = XCConfigurationList;
			buildConfigurations = (
				313D5C1A27F4D84F004618B7 /* Debug */,
				313D5C1B27F4D84F004618B7 /* Release */,
			);
			defaultConfigurationIsVisible = 0;
			defaultConfigurationName = Release;
		};
		313D5C1C27F4D84F004618B7 /* Build configuration list for PBXNativeTarget "weather_CR" */ = {
			isa = XCConfigurationList;
			buildConfigurations = (
				313D5C1D27F4D84F004618B7 /* Debug */,
				313D5C1E27F4D84F004618B7 /* Release */,
			);
			defaultConfigurationIsVisible = 0;
			defaultConfigurationName = Release;
		};
/* End XCConfigurationList section */
	};
	rootObject = 313D5C0027F4D845004618B7 /* Project object */;
}
